
Microsoft Visual Studio Solution File, Format Version 12.00
Project("{FAE04EC0-301F-11D3-BF4B-00C04F79EFBC}") = "Common", "Core\Common\Common.csproj", "{61FDB801-433E-401A-BF2B-16E878A77FAB}"
EndProject
Project("{FAE04EC0-301F-11D3-BF4B-00C04F79EFBC}") = "Framework", "Core\Framework\Framework.csproj", "{CB77FBB8-EDA2-4356-9FC8-C5166C0DE5C3}"
EndProject
Project("{2150E333-8FDC-42A3-9474-1A3956D46DE8}") = "Modules", "Modules", "{D90E8136-209C-4F10-8818-CAB12EF88C03}"
EndProject
Project("{FAE04EC0-301F-11D3-BF4B-00C04F79EFBC}") = "Launcher", "Launcher\Launcher.csproj", "{43AA9E20-CDB8-424B-A04E-648A5035BF41}"
EndProject
Project("{2150E333-8FDC-42A3-9474-1A3956D46DE8}") = "SolutionFiles", "SolutionFiles", "{0AB6E993-9E32-4C0D-8D74-F12EE483E486}"
	ProjectSection(SolutionItems) = preProject
		Directory.Build.props = Directory.Build.props
		Directory.Build.targets = Directory.Build.targets
	EndProjectSection
EndProject
Project("{2150E333-8FDC-42A3-9474-1A3956D46DE8}") = "Core", "Core", "{34533E01-0F97-4A7E-8671-FF79E6880FE1}"
EndProject
Project("{2150E333-8FDC-42A3-9474-1A3956D46DE8}") = "UnitTest", "UnitTest", "{47EE86F8-4D58-49DC-9B0E-0CCA4EEFDCF4}"
EndProject
Global
	GlobalSection(SolutionConfigurationPlatforms) = preSolution
		Debug|Any CPU = Debug|Any CPU
		Release|Any CPU = Release|Any CPU
	EndGlobalSection
	GlobalSection(ProjectConfigurationPlatforms) = postSolution
		{61FDB801-433E-401A-BF2B-16E878A77FAB}.Debug|Any CPU.ActiveCfg = Debug|Any CPU
		{61FDB801-433E-401A-BF2B-16E878A77FAB}.Debug|Any CPU.Build.0 = Debug|Any CPU
		{61FDB801-433E-401A-BF2B-16E878A77FAB}.Release|Any CPU.ActiveCfg = Release|Any CPU
		{61FDB801-433E-401A-BF2B-16E878A77FAB}.Release|Any CPU.Build.0 = Release|Any CPU
		{CB77FBB8-EDA2-4356-9FC8-C5166C0DE5C3}.Debug|Any CPU.ActiveCfg = Debug|Any CPU
		{CB77FBB8-EDA2-4356-9FC8-C5166C0DE5C3}.Debug|Any CPU.Build.0 = Debug|Any CPU
		{CB77FBB8-EDA2-4356-9FC8-C5166C0DE5C3}.Release|Any CPU.ActiveCfg = Release|Any CPU
		{CB77FBB8-EDA2-4356-9FC8-C5166C0DE5C3}.Release|Any CPU.Build.0 = Release|Any CPU
		{43AA9E20-CDB8-424B-A04E-648A5035BF41}.Debug|Any CPU.ActiveCfg = Debug|Any CPU
		{43AA9E20-CDB8-424B-A04E-648A5035BF41}.Debug|Any CPU.Build.0 = Debug|Any CPU
		{43AA9E20-CDB8-424B-A04E-648A5035BF41}.Release|Any CPU.ActiveCfg = Release|Any CPU
		{43AA9E20-CDB8-424B-A04E-648A5035BF41}.Release|Any CPU.Build.0 = Release|Any CPU
	EndGlobalSection
	GlobalSection(NestedProjects) = preSolution
		{61FDB801-433E-401A-BF2B-16E878A77FAB} = {34533E01-0F97-4A7E-8671-FF79E6880FE1}
		{CB77FBB8-EDA2-4356-9FC8-C5166C0DE5C3} = {34533E01-0F97-4A7E-8671-FF79E6880FE1}
	EndGlobalSection
EndGlobal
