
Microsoft Visual Studio Solution File, Format Version 12.00
Project("{FAE04EC0-301F-11D3-BF4B-00C04F79EFBC}") = "Common", "Core\Common\Common.csproj", "{61FDB801-433E-401A-BF2B-16E878A77FAB}"
EndProject
Project("{FAE04EC0-301F-11D3-BF4B-00C04F79EFBC}") = "Framework", "Core\Framework\Framework.csproj", "{CB77FBB8-EDA2-4356-9FC8-C5166C0DE5C3}"
EndProject
Project("{2150E333-8FDC-42A3-9474-1A3956D46DE8}") = "Modules", "Modules", "{D90E8136-209C-4F10-8818-CAB12EF88C03}"
EndProject
Project("{2150E333-8FDC-42A3-9474-1A3956D46DE8}") = "Core", "Core", "{34533E01-0F97-4A7E-8671-FF79E6880FE1}"
EndProject
Project("{2150E333-8FDC-42A3-9474-1A3956D46DE8}") = "UnitTest", "UnitTest", "{47EE86F8-4D58-49DC-9B0E-0CCA4EEFDCF4}"
EndProject
Project("{FAE04EC0-301F-11D3-BF4B-00C04F79EFBC}") = "UIPackage", "Core\UIPackage\UIPackage.csproj", "{57273770-48FA-481F-A354-EA2B69C626E5}"
EndProject
Project("{FAE04EC0-301F-11D3-BF4B-00C04F79EFBC}") = "DashBoard", "Modules\DashBoard\DashBoard.csproj", "{16D9C54A-6CB7-4F1E-98D3-64BBD3958521}"
EndProject
Project("{FAE04EC0-301F-11D3-BF4B-00C04F79EFBC}") = "Launcher", "Launcher\Launcher.csproj", "{5E6F5471-0239-4C25-8A82-A39A5C78A77F}"
EndProject
Project("{FAE04EC0-301F-11D3-BF4B-00C04F79EFBC}") = "Abstractions", "Core\Abstractions\Abstractions.csproj", "{99C7EADE-8DCD-4199-AF67-2C5C22DD4EF6}"
EndProject
Project("{FAE04EC0-301F-11D3-BF4B-00C04F79EFBC}") = "Workstation", "Modules\Workstation\Workstation.csproj", "{9F5069FB-DCBC-42EC-B2EC-822108ED0C98}"
EndProject
Project("{FAE04EC0-301F-11D3-BF4B-00C04F79EFBC}") = "Models", "Core\Models\Models.csproj", "{905F8770-99D9-4310-9239-6A59AF58E3AC}"
EndProject
Global
	GlobalSection(SolutionConfigurationPlatforms) = preSolution
		Debug|Any CPU = Debug|Any CPU
		Release|Any CPU = Release|Any CPU
	EndGlobalSection
	GlobalSection(ProjectConfigurationPlatforms) = postSolution
		{61FDB801-433E-401A-BF2B-16E878A77FAB}.Debug|Any CPU.ActiveCfg = Debug|Any CPU
		{61FDB801-433E-401A-BF2B-16E878A77FAB}.Debug|Any CPU.Build.0 = Debug|Any CPU
		{61FDB801-433E-401A-BF2B-16E878A77FAB}.Release|Any CPU.ActiveCfg = Release|Any CPU
		{61FDB801-433E-401A-BF2B-16E878A77FAB}.Release|Any CPU.Build.0 = Release|Any CPU
		{CB77FBB8-EDA2-4356-9FC8-C5166C0DE5C3}.Debug|Any CPU.ActiveCfg = Debug|Any CPU
		{CB77FBB8-EDA2-4356-9FC8-C5166C0DE5C3}.Debug|Any CPU.Build.0 = Debug|Any CPU
		{CB77FBB8-EDA2-4356-9FC8-C5166C0DE5C3}.Release|Any CPU.ActiveCfg = Release|Any CPU
		{CB77FBB8-EDA2-4356-9FC8-C5166C0DE5C3}.Release|Any CPU.Build.0 = Release|Any CPU
		{57273770-48FA-481F-A354-EA2B69C626E5}.Debug|Any CPU.ActiveCfg = Debug|Any CPU
		{57273770-48FA-481F-A354-EA2B69C626E5}.Debug|Any CPU.Build.0 = Debug|Any CPU
		{57273770-48FA-481F-A354-EA2B69C626E5}.Release|Any CPU.ActiveCfg = Release|Any CPU
		{57273770-48FA-481F-A354-EA2B69C626E5}.Release|Any CPU.Build.0 = Release|Any CPU
		{16D9C54A-6CB7-4F1E-98D3-64BBD3958521}.Debug|Any CPU.ActiveCfg = Debug|Any CPU
		{16D9C54A-6CB7-4F1E-98D3-64BBD3958521}.Debug|Any CPU.Build.0 = Debug|Any CPU
		{16D9C54A-6CB7-4F1E-98D3-64BBD3958521}.Release|Any CPU.ActiveCfg = Release|Any CPU
		{16D9C54A-6CB7-4F1E-98D3-64BBD3958521}.Release|Any CPU.Build.0 = Release|Any CPU
		{5E6F5471-0239-4C25-8A82-A39A5C78A77F}.Debug|Any CPU.ActiveCfg = Debug|Any CPU
		{5E6F5471-0239-4C25-8A82-A39A5C78A77F}.Debug|Any CPU.Build.0 = Debug|Any CPU
		{5E6F5471-0239-4C25-8A82-A39A5C78A77F}.Release|Any CPU.ActiveCfg = Release|Any CPU
		{5E6F5471-0239-4C25-8A82-A39A5C78A77F}.Release|Any CPU.Build.0 = Release|Any CPU
		{99C7EADE-8DCD-4199-AF67-2C5C22DD4EF6}.Debug|Any CPU.ActiveCfg = Debug|Any CPU
		{99C7EADE-8DCD-4199-AF67-2C5C22DD4EF6}.Debug|Any CPU.Build.0 = Debug|Any CPU
		{99C7EADE-8DCD-4199-AF67-2C5C22DD4EF6}.Release|Any CPU.ActiveCfg = Release|Any CPU
		{99C7EADE-8DCD-4199-AF67-2C5C22DD4EF6}.Release|Any CPU.Build.0 = Release|Any CPU
		{9F5069FB-DCBC-42EC-B2EC-822108ED0C98}.Debug|Any CPU.ActiveCfg = Debug|Any CPU
		{9F5069FB-DCBC-42EC-B2EC-822108ED0C98}.Debug|Any CPU.Build.0 = Debug|Any CPU
		{9F5069FB-DCBC-42EC-B2EC-822108ED0C98}.Release|Any CPU.ActiveCfg = Release|Any CPU
		{9F5069FB-DCBC-42EC-B2EC-822108ED0C98}.Release|Any CPU.Build.0 = Release|Any CPU
		{905F8770-99D9-4310-9239-6A59AF58E3AC}.Debug|Any CPU.ActiveCfg = Debug|Any CPU
		{905F8770-99D9-4310-9239-6A59AF58E3AC}.Debug|Any CPU.Build.0 = Debug|Any CPU
		{905F8770-99D9-4310-9239-6A59AF58E3AC}.Release|Any CPU.ActiveCfg = Release|Any CPU
		{905F8770-99D9-4310-9239-6A59AF58E3AC}.Release|Any CPU.Build.0 = Release|Any CPU
	EndGlobalSection
	GlobalSection(NestedProjects) = preSolution
		{CB77FBB8-EDA2-4356-9FC8-C5166C0DE5C3} = {34533E01-0F97-4A7E-8671-FF79E6880FE1}
		{57273770-48FA-481F-A354-EA2B69C626E5} = {34533E01-0F97-4A7E-8671-FF79E6880FE1}
		{99C7EADE-8DCD-4199-AF67-2C5C22DD4EF6} = {34533E01-0F97-4A7E-8671-FF79E6880FE1}
		{61FDB801-433E-401A-BF2B-16E878A77FAB} = {34533E01-0F97-4A7E-8671-FF79E6880FE1}
		{9F5069FB-DCBC-42EC-B2EC-822108ED0C98} = {D90E8136-209C-4F10-8818-CAB12EF88C03}
		{16D9C54A-6CB7-4F1E-98D3-64BBD3958521} = {D90E8136-209C-4F10-8818-CAB12EF88C03}
		{905F8770-99D9-4310-9239-6A59AF58E3AC} = {34533E01-0F97-4A7E-8671-FF79E6880FE1}
	EndGlobalSection
EndGlobal
